
Microsoft Visual Studio Solution File, Format Version 12.00
# Visual Studio Version 16
VisualStudioVersion = 16.0.29613.14
MinimumVisualStudioVersion = 10.0.40219.1
Project("{FAE04EC0-301F-11D3-BF4B-00C04F79EFBC}") = "VideoCallConsultant", "VideoCallConsultant.csproj", "{3325FD19-E860-4A32-8082-11497FA5715E}"
EndProject
Global
	GlobalSection(SolutionConfigurationPlatforms) = preSolution
		Debug|Any CPU = Debug|Any CPU
		Release|Any CPU = Release|Any CPU
	EndGlobalSection
	GlobalSection(ProjectConfigurationPlatforms) = postSolution
		{3325FD19-E860-4A32-8082-11497FA5715E}.Debug|Any CPU.ActiveCfg = Debug|Any CPU
		{3325FD19-E860-4A32-8082-11497FA5715E}.Debug|Any CPU.Build.0 = Debug|Any CPU
		{3325FD19-E860-4A32-8082-11497FA5715E}.Release|Any CPU.ActiveCfg = Release|Any CPU
		{3325FD19-E860-4A32-8082-11497FA5715E}.Release|Any CPU.Build.0 = Release|Any CPU
	EndGlobalSection
	GlobalSection(SolutionProperties) = preSolution
		HideSolutionNode = FALSE
	EndGlobalSection
	GlobalSection(ExtensibilityGlobals) = postSolution
		SolutionGuid = {266FC997-D65D-43A3-A0E0-8D9E3D2798D0}
	EndGlobalSection
EndGlobal
